version: 1
checksums:
  c275ac8bbde8a46ac35399b4d801a340:
    enterprise.meta.title: 31d7cb20a763cfc8e3e797ea1fc5bbeb
    enterprise.meta.description: e38876a32825c88532bad18c13587347
    enterprise.hero.title: 31d7cb20a763cfc8e3e797ea1fc5bbeb
    enterprise.hero.heading: 80dc43dc4e581198551225d8b1b32e72
    enterprise.hero.subheader: 1fc4778e9e940b122dc6a1101d8ae749
    enterprise.useCases.label: 93e3e8faea9ea6f6a2c0c07c54d3f656
    enterprise.useCases.heading: 8b4036b83c1d468ca13880bfbe4e490b
    enterprise.useCases.stories.mozilla.heading: 1f6d7c674bd5c297aa5cb26b2fef0009
    enterprise.useCases.stories.mozilla.subheading: ae72d9047cf54edcb4b956deb30d7724
    enterprise.useCases.stories.epsilon3.heading: 34523fdbf18824adf0984051969050d7
    enterprise.useCases.stories.epsilon3.subheading: 49299060f473da2ef64515cb217c82fc
    enterprise.useCases.stories.pebblely.heading: e4ef17533b49e603b4aec8cac7454873
    enterprise.useCases.stories.pebblely.subheading: a482e862ca4183d67d01fee6eba2e5a9
    enterprise.useCases.highlights.scale.heading: 06166a0ffd813f3d24f50cd0f600ee21
    enterprise.useCases.highlights.scale.subheading: 5da4aef1bf93cfafcbca2453bce5ca16
    enterprise.useCases.highlights.cost.heading: abb70f4ecd8579987d17f916658a4440
    enterprise.useCases.highlights.cost.subheading: 76ab6914cbb761349b0938cfe2184fa1
    enterprise.useCases.highlights.development.heading: e922a72161797d811166c388c2984117
    enterprise.useCases.highlights.development.subheading: 862db7a638970c30802a74269ee3bc0c
    enterprise.useCases.highlights.compliance.heading: b69b525680243daacc2dfd8992bf6caa
    enterprise.useCases.highlights.compliance.subheading: b335a0a1b7dcdbb0f2aed6d6b7a06682
    enterprise.performance.heading: bee76af664fc545a7af2ba1ce073b6c6
    enterprise.performance.subheading: cf30ad5deeb0d8b39c42425bea91a126
    enterprise.performance.stats.databases.heading: e3bd11dd07155a4b90eebfa4fa01fec7
    enterprise.performance.stats.databases.subheading: 5aceed4a973013e9b5405ba62bcd4327
    enterprise.performance.stats.daily.heading: a492a2dbdb54bbe508dea4b55bfd6545
    enterprise.performance.stats.daily.subheading: a861dc266bbfff2d4d380547f353c88b
    enterprise.security.label: 4b34923fef858a2b9a4a914c3e822889
    enterprise.security.heading: 371ec51b177074bc598d14f1b7bb274b
    enterprise.security.subheading: db52563522c8f14d0ef44f75a789d896
    enterprise.security.cta: 1534562960cebe6a44ab3b161e05ab05
    enterprise.security.features.soc2: 33e0d4bf6bbb211ab10a441e5039e0e2
    enterprise.security.features.hipaa: a6d0254a8fba470afd17ad79a1bb2b99
    enterprise.security.features.ddos: a155ddc85e12008c60eceaf9872d9cd6
    enterprise.security.features.mfa: c558ef69d92e8807c833c00140cd9a3e
    enterprise.security.features.vulnerability: 29e41bfd3b9f920c3f04bd7799c087f7
    enterprise.security.features.rbac: b1189e0b63c67fc2aa5ee89808233858
    enterprise.security.features.audit: 3de0802a15404ba00ba6c0ea194156f8
    enterprise.security.features.advisors: 66549cdbf8bd053a637c9631cdc84b2a
    enterprise.security.features.storage: 44149a81471b1acc70c7b16b0587f5a4
    enterprise.security.features.network: d4109689b33dc5d1aab7a0f7ac40fe8b
    enterprise.support.label: 55aab5fd0f31a9cb055a2edeeedfaf63
    enterprise.support.heading: 785e2fdc51c7fa312aa80bebe7922ee0
    enterprise.support.features.global.heading: 8e1b6df5620449f9e9fb06a62872a6c9
    enterprise.support.features.global.subheading: 62914af14359c847da6345c5b3a4be32
    enterprise.support.features.dedicated.heading: 46f944d1bdca12e1adb37bb9426ca3de
    enterprise.support.features.dedicated.subheading: ddd3d351782e1331c0ce517aa987519d
    enterprise.support.features.migration.heading: e3a58eef5f0da08ff59241ab653d2bd4
    enterprise.support.features.migration.subheading: 7000ff8d8e3f59f5ff94fb041b7f9431
    enterprise.quote.text: 0859da705a957b4b79d0e280d14f08d8
    enterprise.quote.author: 275b4b72151121e156499accf3912f80
    enterprise.quote.role: 1a022092119a17a5a4203782829ae508
    enterprise.demo.heading: d9b034a583b5c627d76e472e58fe9cb5
    enterprise.demo.subheading: 945dc52b49278747c94d62253a1dd637
    forms.demo.firstName.label: cf040a5d6a9fd696be400380cc99f54b
    forms.demo.firstName.placeholder: cf040a5d6a9fd696be400380cc99f54b
    forms.demo.secondName.label: 2c9a7de7738ca007ba9023c385149c26
    forms.demo.secondName.placeholder: 2c9a7de7738ca007ba9023c385149c26
    forms.demo.companyEmail.label: 3c02f2b04bcc52c46b9d3ae2c6c72ffa
    forms.demo.companyEmail.placeholder: 3c02f2b04bcc52c46b9d3ae2c6c72ffa
    forms.demo.message.label: 8ae6c2d8491805dad86da092aa667540
    forms.demo.message.placeholder: 29da55f8a9e096793d5bb6132e4e0aa0
    forms.demo.submit: d9b034a583b5c627d76e472e58fe9cb5
    forms.demo.privacy: c6db206c2c0221be61dd76bcd5db35c1
    forms.demo.privacy.link: 7459744a63ef8af4e517a09024bd7c08
    forms.demo.support: 32a4dee2033635e334a5f4d34724e3e0
    forms.demo.support.suffix: 90aa754a1628bb7d949ae2422af04831
    forms.demo.success: ddecc82f7a0f87ccb59a5c3ca84d2ee7
    forms.demo.reset: c19c53a05e21c7f3b395247809a14b51
    forms.demo.errors.required: 41f31582f26b943b74e63ec06580a682
    forms.demo.errors.invalidEmail: b2d9f25626f2d15c7c63e0281bccc247
    forms.demo.errors.companyEmail: 1a6e5d3ba5e253160e10b5edcae89eca
    forms.demo.errors.tooFast: 7147f3b7cbdc04a95534712c15f8d312
    forms.demo.errors.unexpected: dd9aef0a9c3638442bc8f6151feb33d6
    enterprise.demo.title: d9b034a583b5c627d76e472e58fe9cb5
    enterprise.demo.description: 945dc52b49278747c94d62253a1dd637
    enterprise.quotes.goodtape.quote: b29101dd57cec81f6fec2eb79f29ce32
    enterprise.quotes.goodtape.author: 654dd11e35a10235c1afba319a7c75d3
    enterprise.quotes.goodtape.author.short: 386a2d58340ab11b688202745fd5ffc7
    enterprise.quotes.xendit.quote: efaac793767af12cbd93b1e4eedc499f
    enterprise.quotes.xendit.author: 58025fb2029afc9bfd3c008edb0d2b62
    enterprise.quotes.xendit.author.short: b6b43d21bcc3eb650f7d69d29351b49e
    enterprise.quotes.chatbase.quote: 5789c376dd848b2a8891537ff3e6c2c8
    enterprise.quotes.chatbase.author: 365149de63c69bd59cc2ef8543efe075
