{
  "nodes": {
    "devshell": {
      "inputs": {
        "nixpkgs": [
          "nixpkgs"
        ]
      },
      "locked": {
        "lastModified": 1764011051,
        "narHash": "sha256-M7SZyPZiqZUR/EiiBJnmyUbOi5oE/03tCeFrTiUZchI=",
        "owner": "numtide",
        "repo": "devshell",
        "rev": "17ed8d9744ebe70424659b0ef74ad6d41fc87071",
        "type": "github"
      },
      "original": {
        "owner": "numtide",
        "repo": "devshell",
        "type": "github"
      }
    },
    "flake-compat": {
      "flake": false,
      "locked": {
        "lastModified": 1761588595,
        "narHash": "sha256-XKUZz9zewJNUj46b4AJdiRZJAvSZ0Dqj2BNfXvFlJC4=",
        "owner": "edolstra",
        "repo": "flake-compat",
        "rev": "f387cd2afec9419c8ee37694406ca490c3f34ee5",
        "type": "github"
      },
      "original": {
        "owner": "edolstra",
        "repo": "flake-compat",
        "type": "github"
      }
    },
    "flake-parts": {
      "inputs": {
        "nixpkgs-lib": "nixpkgs-lib"
      },
      "locked": {
        "lastModified": 1763759067,
        "narHash": "sha256-LlLt2Jo/gMNYAwOgdRQBrsRoOz7BPRkzvNaI/fzXi2Q=",
        "owner": "hercules-ci",
        "repo": "flake-parts",
        "rev": "2cccadc7357c0ba201788ae99c4dfa90728ef5e0",
        "type": "github"
      },
      "original": {
        "owner": "hercules-ci",
        "repo": "flake-parts",
        "type": "github"
      }
    },
    "flake-utils": {
      "inputs": {
        "systems": "systems"
      },
      "locked": {
        "lastModified": 1731533236,
        "narHash": "sha256-l0KFg5HjrsfsO/JpG+r7fRrqm12kzFHyUHqHCVpMMbI=",
        "owner": "numtide",
        "repo": "flake-utils",
        "rev": "11707dc2f618dd54ca8739b309ec4fc024de578b",
        "type": "github"
      },
      "original": {
        "owner": "numtide",
        "repo": "flake-utils",
        "type": "github"
      }
    },
    "git-hooks": {
      "inputs": {
        "flake-compat": "flake-compat",
        "gitignore": "gitignore",
        "nixpkgs": [
          "nixpkgs"
        ]
      },
      "locked": {
        "lastModified": 1765016596,
        "narHash": "sha256-rhSqPNxDVow7OQKi4qS5H8Au0P4S3AYbawBSmJNUtBQ=",
        "owner": "cachix",
        "repo": "git-hooks.nix",
        "rev": "548fc44fca28a5e81c5d6b846e555e6b9c2a5a3c",
        "type": "github"
      },
      "original": {
        "owner": "cachix",
        "repo": "git-hooks.nix",
        "type": "github"
      }
    },
    "gitignore": {
      "inputs": {
        "nixpkgs": [
          "git-hooks",
          "nixpkgs"
        ]
      },
      "locked": {
        "lastModified": 1709087332,
        "narHash": "sha256-HG2cCnktfHsKV0s4XW83gU3F57gaTljL9KNSuG6bnQs=",
        "owner": "hercules-ci",
        "repo": "gitignore.nix",
        "rev": "637db329424fd7e46cf4185293b9cc8c88c95394",
        "type": "github"
      },
      "original": {
        "owner": "hercules-ci",
        "repo": "gitignore.nix",
        "type": "github"
      }
    },
    "multigres": {
      "flake": false,
      "locked": {
        "lastModified": 1788278524,
        "narHash": "sha256-7+Mt4T55oxmSd9UoSvir4Z2JzLm6ggVvzH9sgZWGx7E=",
        "owner": "multigres",
        "repo": "multigres",
        "rev": "b0d11a0125275333187a1502e952c2655c594b0f",
        "type": "github"
      },
      "original": {
        "owner": "multigres",
        "repo": "multigres",
        "type": "github"
      }
    },
    "nix": {
      "flake": false,
      "locked": {
        "lastModified": 1760472641,
        "narHash": "sha256-BuKtM7Vr5EcxBXxUENBQPlOBwmNd5mkTRkSmlJi/iQ4=",
        "owner": "NixOS",
        "repo": "nix",
        "rev": "4041bfdb401ad6d1c31a292fab90392254be506a",
        "type": "github"
      },
      "original": {
        "owner": "NixOS",
        "repo": "nix",
        "type": "github"
      }
    },
    "nix-darwin": {
      "inputs": {
        "nixpkgs": [
          "nixpkgs"
        ]
      },
      "locked": {
        "lastModified": 1767718503,
        "narHash": "sha256-V+VkFs0aSG0ca8p/N3gib7FAf4cq9jyr5Gm+ZBrHQpo=",
        "owner": "nix-darwin",
        "repo": "nix-darwin",
        "rev": "9f48ffaca1f44b3e590976b4da8666a9e86e6eb1",
        "type": "github"
      },
      "original": {
        "owner": "nix-darwin",
        "repo": "nix-darwin",
        "type": "github"
      }
    },
    "nix-editor": {
      "inputs": {
        "nixpkgs": [
          "nixpkgs"
        ],
        "utils": [
          "flake-utils"
        ]
      },
      "locked": {
        "lastModified": 1703105021,
        "narHash": "sha256-Ne9NG7x45a8aJyAN+yYWbr/6mQHBVVkwZZ72EZHHRqw=",
        "owner": "snowfallorg",
        "repo": "nix-editor",
        "rev": "b5017f8d61753ce6a3a1a2aa7e474d59146a8ae3",
        "type": "github"
      },
      "original": {
        "owner": "snowfallorg",
        "repo": "nix-editor",
        "type": "github"
      }
    },
    "nix-eval-jobs": {
      "inputs": {
        "flake-parts": [
          "flake-parts"
        ],
        "nix": "nix",
        "nixpkgs": "nixpkgs",
        "treefmt-nix": [
          "treefmt-nix"
        ]
      },
      "locked": {
        "lastModified": 1760478325,
        "narHash": "sha256-hA+NOH8KDcsuvH7vJqSwk74PyZP3MtvI/l+CggZcnTc=",
        "owner": "nix-community",
        "repo": "nix-eval-jobs",
        "rev": "daa42f9e9c84aeff1e325dd50fda321f53dfd02c",
        "type": "github"
      },
      "original": {
        "owner": "nix-community",
        "repo": "nix-eval-jobs",
        "type": "github"
      }
    },
    "nix2container": {
      "inputs": {
        "nixpkgs": [
          "nixpkgs"
        ]
      },
      "locked": {
        "lastModified": 1761716996,
        "narHash": "sha256-vdOuy2pid2/DasUgb08lDOswdPJkN5qjXfBYItVy/R4=",
        "owner": "nlewo",
        "repo": "nix2container",
        "rev": "e5496ab66e9de9e3f67dc06f692dfbc471b6316e",
        "type": "github"
      },
      "original": {
        "owner": "nlewo",
        "repo": "nix2container",
        "type": "github"
      }
    },
    "nixpkgs": {
      "locked": {
        "lastModified": 315532800,
        "narHash": "sha256-vhAtaRMIQiEghARviANBmSnhGz9Qf2IQJ+nQgsDXnVs=",
        "rev": "c12c63cd6c5eb34c7b4c3076c6a99e00fcab86ec",
        "type": "tarball",
        "url": "https://releases.nixos.org/nixpkgs/nixpkgs-25.11pre877036.c12c63cd6c5e/nixexprs.tar.xz"
      },
      "original": {
        "type": "tarball",
        "url": "https://nixos.org/channels/nixpkgs-unstable/nixexprs.tar.xz"
      }
    },
    "nixpkgs-lib": {
      "locked": {
        "lastModified": 1761765539,
        "narHash": "sha256-b0yj6kfvO8ApcSE+QmA6mUfu8IYG6/uU28OFn4PaC8M=",
        "owner": "nix-community",
        "repo": "nixpkgs.lib",
        "rev": "719359f4562934ae99f5443f20aa06c2ffff91fc",
        "type": "github"
      },
      "original": {
        "owner": "nix-community",
        "repo": "nixpkgs.lib",
        "type": "github"
      }
    },
    "nixpkgs-oldstable": {
      "locked": {
        "lastModified": 1712666087,
        "narHash": "sha256-WwjUkWsjlU8iUImbivlYxNyMB1L5YVqE8QotQdL9jWc=",
        "owner": "NixOS",
        "repo": "nixpkgs",
        "rev": "a76c4553d7e741e17f289224eda135423de0491d",
        "type": "github"
      },
      "original": {
        "owner": "NixOS",
        "repo": "nixpkgs",
        "rev": "a76c4553d7e741e17f289224eda135423de0491d",
        "type": "github"
      }
    },
    "nixpkgs_2": {
      "locked": {
        "lastModified": 1767379071,
        "narHash": "sha256-3xDI4xtzovwqE/eAxCwmXxUqBg6Yoam2L1u0IwRNhW4=",
        "rev": "fb7944c166a3b630f177938e478f0378e64ce108",
        "type": "tarball",
        "url": "https://releases.nixos.org/nixos/unstable/nixos-26.05pre921484.fb7944c166a3/nixexprs.tar.xz"
      },
      "original": {
        "type": "tarball",
        "url": "https://channels.nixos.org/nixos-unstable/nixexprs.tar.xz"
      }
    },
    "root": {
      "inputs": {
        "devshell": "devshell",
        "flake-parts": "flake-parts",
        "flake-utils": "flake-utils",
        "git-hooks": "git-hooks",
        "multigres": "multigres",
        "nix-darwin": "nix-darwin",
        "nix-editor": "nix-editor",
        "nix-eval-jobs": "nix-eval-jobs",
        "nix2container": "nix2container",
        "nixpkgs": "nixpkgs_2",
        "nixpkgs-oldstable": "nixpkgs-oldstable",
        "rust-overlay": "rust-overlay",
        "treefmt-nix": "treefmt-nix"
      }
    },
    "rust-overlay": {
      "inputs": {
        "nixpkgs": [
          "nixpkgs"
        ]
      },
      "locked": {
        "lastModified": 1787834454,
        "narHash": "sha256-jXSvqn04IOecJCvSvl8+g3PsbDVNP6qKs6dKUs/b16k=",
        "owner": "oxalica",
        "repo": "rust-overlay",
        "rev": "dc2fd1acc537f3583744e1373597a5731ff7a6e3",
        "type": "github"
      },
      "original": {
        "owner": "oxalica",
        "repo": "rust-overlay",
        "type": "github"
      }
    },
    "systems": {
      "locked": {
        "lastModified": 1681028828,
        "narHash": "sha256-Vy1rq5AaRuLzOxct8nz4T6wlgyUR7zLU309k9mBC768=",
        "owner": "nix-systems",
        "repo": "default",
        "rev": "da67096a3b9bf56a91d16901293e51ba5b49a27e",
        "type": "github"
      },
      "original": {
        "owner": "nix-systems",
        "repo": "default",
        "type": "github"
      }
    },
    "treefmt-nix": {
      "inputs": {
        "nixpkgs": [
          "nixpkgs"
        ]
      },
      "locked": {
        "lastModified": 1762938485,
        "narHash": "sha256-AlEObg0syDl+Spi4LsZIBrjw+snSVU4T8MOeuZJUJjM=",
        "owner": "numtide",
        "repo": "treefmt-nix",
        "rev": "5b4ee75aeefd1e2d5a1cc43cf6ba65eba75e83e4",
        "type": "github"
      },
      "original": {
        "owner": "numtide",
        "repo": "treefmt-nix",
        "type": "github"
      }
    }
  },
  "root": "root",
  "version": 7
}
