# THIS IS AN AUTOGENERATED FILE. DO NOT EDIT THIS FILE DIRECTLY.
# yarn lockfile v1


"@next/env@12.1.5":
  version "12.1.5"
  resolved "https://registry.yarnpkg.com/@next/env/-/env-12.1.5.tgz#a21ba6708022d630402ca2b340316e69a0296dfc"

"@next/swc-android-arm-eabi@12.1.5":
  version "12.1.5"
  resolved "https://registry.yarnpkg.com/@next/swc-android-arm-eabi/-/swc-android-arm-eabi-12.1.5.tgz#36729ab3dfd7743e82cfe536b43254dcb146620c"

"@next/swc-android-arm64@12.1.5":
  version "12.1.5"
  resolved "https://registry.yarnpkg.com/@next/swc-android-arm64/-/swc-android-arm64-12.1.5.tgz#52578f552305c92d0b9b81d603c9643fb71e0835"

"@next/swc-darwin-arm64@12.1.5":
  version "12.1.5"
  resolved "https://registry.yarnpkg.com/@next/swc-darwin-arm64/-/swc-darwin-arm64-12.1.5.tgz#3d5b53211484c72074f4975ba0ec2b1107db300e"

"@next/swc-darwin-x64@12.1.5":
  version "12.1.5"
  resolved "https://registry.yarnpkg.com/@next/swc-darwin-x64/-/swc-darwin-x64-12.1.5.tgz#adcabb732d226453777c0d37d58eaff9328b66fd"

"@next/swc-linux-arm-gnueabihf@12.1.5":
  version "12.1.5"
  resolved "https://registry.yarnpkg.com/@next/swc-linux-arm-gnueabihf/-/swc-linux-arm-gnueabihf-12.1.5.tgz#82a7cde67482b756bc65fbebf1dfa8a782074e93"

"@next/swc-linux-arm64-gnu@12.1.5":
  version "12.1.5"
  resolved "https://registry.yarnpkg.com/@next/swc-linux-arm64-gnu/-/swc-linux-arm64-gnu-12.1.5.tgz#f82ca014504950aab751e81f467492e9be0bad5d"

"@next/swc-linux-arm64-musl@12.1.5":
  version "12.1.5"
  resolved "https://registry.yarnpkg.com/@next/swc-linux-arm64-musl/-/swc-linux-arm64-musl-12.1.5.tgz#f811ec9f4b12a978426c284c95ab2f515ddf7f9e"

"@next/swc-linux-x64-gnu@12.1.5":
  version "12.1.5"
  resolved "https://registry.yarnpkg.com/@next/swc-linux-x64-gnu/-/swc-linux-x64-gnu-12.1.5.tgz#d44857257e6d20dc841998951d584ab1f25772c3"

"@next/swc-linux-x64-musl@12.1.5":
  version "12.1.5"
  resolved "https://registry.yarnpkg.com/@next/swc-linux-x64-musl/-/swc-linux-x64-musl-12.1.5.tgz#3cc523abadc9a2a6de680593aff06e71cc29ecef"

"@next/swc-win32-arm64-msvc@12.1.5":
  version "12.1.5"
  resolved "https://registry.yarnpkg.com/@next/swc-win32-arm64-msvc/-/swc-win32-arm64-msvc-12.1.5.tgz#c62232d869f1f9b22e8f24e4e7f05307c20f30ca"

"@next/swc-win32-ia32-msvc@12.1.5":
  version "12.1.5"
  resolved "https://registry.yarnpkg.com/@next/swc-win32-ia32-msvc/-/swc-win32-ia32-msvc-12.1.5.tgz#2bd9b28a9ba730d12a493e7d9d18e150fe89d496"

"@next/swc-win32-x64-msvc@12.1.5":
  version "12.1.5"
  resolved "https://registry.yarnpkg.com/@next/swc-win32-x64-msvc/-/swc-win32-x64-msvc-12.1.5.tgz#02f377e4d41eaaacf265e34bab9bacd8efc4a351"

"@supabase/gotrue-js@^1.10.1":
  version "1.10.1"
  resolved "https://registry.npmjs.org/@supabase/gotrue-js/-/gotrue-js-1.10.1.tgz"
  dependencies:
    cross-fetch "^3.0.6"

"@supabase/postgrest-js@^0.22.0":
  version "0.22.0"
  resolved "https://registry.npmjs.org/@supabase/postgrest-js/-/postgrest-js-0.22.0.tgz"
  dependencies:
    cross-fetch "^3.0.6"

"@supabase/realtime-js@^1.0.6":
  version "1.0.6"
  resolved "https://registry.npmjs.org/@supabase/realtime-js/-/realtime-js-1.0.6.tgz"
  dependencies:
    "@types/websocket" "^1.0.1"
    query-string "^6.12.1"
    websocket "^1.0.31"

"@supabase/supabase-js@^1.2.1":
  version "1.2.1"
  resolved "https://registry.npmjs.org/@supabase/supabase-js/-/supabase-js-1.2.1.tgz"
  dependencies:
    "@supabase/gotrue-js" "^1.10.1"
    "@supabase/postgrest-js" "^0.22.0"
    "@supabase/realtime-js" "^1.0.6"

"@types/node@*":
  version "14.14.21"
  resolved "https://registry.npmjs.org/@types/node/-/node-14.14.21.tgz"

"@types/websocket@^1.0.1":
  version "1.0.1"
  resolved "https://registry.npmjs.org/@types/websocket/-/websocket-1.0.1.tgz"
  dependencies:
    "@types/node" "*"

bufferutil@^4.0.1:
  version "4.0.3"
  resolved "https://registry.npmjs.org/bufferutil/-/bufferutil-4.0.3.tgz"
  dependencies:
    node-gyp-build "^4.2.0"

caniuse-lite@^1.0.30001283:
  version "1.0.30001334"
  resolved "https://registry.yarnpkg.com/caniuse-lite/-/caniuse-lite-1.0.30001334.tgz#892e9965b35285033fc2b8a8eff499fe02f13d8b"

cross-fetch@^3.0.6:
  version "3.0.6"
  resolved "https://registry.npmjs.org/cross-fetch/-/cross-fetch-3.0.6.tgz"
  dependencies:
    node-fetch "2.6.1"

d@1, d@^1.0.1:
  version "1.0.1"
  resolved "https://registry.npmjs.org/d/-/d-1.0.1.tgz"
  dependencies:
    es5-ext "^0.10.50"
    type "^1.0.1"

debug@^2.2.0:
  version "2.6.9"
  resolved "https://registry.npmjs.org/debug/-/debug-2.6.9.tgz"
  dependencies:
    ms "2.0.0"

decode-uri-component@^0.2.0:
  version "0.2.0"
  resolved "https://registry.npmjs.org/decode-uri-component/-/decode-uri-component-0.2.0.tgz"

es5-ext@^0.10.35, es5-ext@^0.10.50:
  version "0.10.53"
  resolved "https://registry.npmjs.org/es5-ext/-/es5-ext-0.10.53.tgz"
  dependencies:
    es6-iterator "~2.0.3"
    es6-symbol "~3.1.3"
    next-tick "~1.0.0"

es6-iterator@~2.0.3:
  version "2.0.3"
  resolved "https://registry.npmjs.org/es6-iterator/-/es6-iterator-2.0.3.tgz"
  dependencies:
    d "1"
    es5-ext "^0.10.35"
    es6-symbol "^3.1.1"

es6-symbol@^3.1.1, es6-symbol@~3.1.3:
  version "3.1.3"
  resolved "https://registry.npmjs.org/es6-symbol/-/es6-symbol-3.1.3.tgz"
  dependencies:
    d "^1.0.1"
    ext "^1.1.2"

ext@^1.1.2:
  version "1.4.0"
  resolved "https://registry.npmjs.org/ext/-/ext-1.4.0.tgz"
  dependencies:
    type "^2.0.0"

fast-deep-equal@2.0.1:
  version "2.0.1"
  resolved "https://registry.npmjs.org/fast-deep-equal/-/fast-deep-equal-2.0.1.tgz"

is-typedarray@^1.0.0:
  version "1.0.0"
  resolved "https://registry.npmjs.org/is-typedarray/-/is-typedarray-1.0.0.tgz"

"js-tokens@^3.0.0 || ^4.0.0":
  version "4.0.0"
  resolved "https://registry.npmjs.org/js-tokens/-/js-tokens-4.0.0.tgz"

loose-envify@^1.1.0, loose-envify@^1.4.0:
  version "1.4.0"
  resolved "https://registry.npmjs.org/loose-envify/-/loose-envify-1.4.0.tgz"
  dependencies:
    js-tokens "^3.0.0 || ^4.0.0"

ms@2.0.0:
  version "2.0.0"
  resolved "https://registry.npmjs.org/ms/-/ms-2.0.0.tgz"

nanoid@^3.1.30:
  version "3.3.3"
  resolved "https://registry.yarnpkg.com/nanoid/-/nanoid-3.3.3.tgz#fd8e8b7aa761fe807dba2d1b98fb7241bb724a25"

next-tick@~1.0.0:
  version "1.0.0"
  resolved "https://registry.npmjs.org/next-tick/-/next-tick-1.0.0.tgz"

next@latest:
  version "12.1.5"
  resolved "https://registry.yarnpkg.com/next/-/next-12.1.5.tgz#7a07687579ddce61ee519493e1c178d83abac063"
  dependencies:
    "@next/env" "12.1.5"
    caniuse-lite "^1.0.30001283"
    postcss "8.4.5"
    styled-jsx "5.0.1"
  optionalDependencies:
    "@next/swc-android-arm-eabi" "12.1.5"
    "@next/swc-android-arm64" "12.1.5"
    "@next/swc-darwin-arm64" "12.1.5"
    "@next/swc-darwin-x64" "12.1.5"
    "@next/swc-linux-arm-gnueabihf" "12.1.5"
    "@next/swc-linux-arm64-gnu" "12.1.5"
    "@next/swc-linux-arm64-musl" "12.1.5"
    "@next/swc-linux-x64-gnu" "12.1.5"
    "@next/swc-linux-x64-musl" "12.1.5"
    "@next/swc-win32-arm64-msvc" "12.1.5"
    "@next/swc-win32-ia32-msvc" "12.1.5"
    "@next/swc-win32-x64-msvc" "12.1.5"

node-fetch@2.6.1:
  version "2.6.1"
  resolved "https://registry.npmjs.org/node-fetch/-/node-fetch-2.6.1.tgz"

node-gyp-build@^4.2.0:
  version "4.2.3"
  resolved "https://registry.npmjs.org/node-gyp-build/-/node-gyp-build-4.2.3.tgz"

object-assign@^4.1.1:
  version "4.1.1"
  resolved "https://registry.npmjs.org/object-assign/-/object-assign-4.1.1.tgz"

picocolors@^1.0.0:
  version "1.0.0"
  resolved "https://registry.yarnpkg.com/picocolors/-/picocolors-1.0.0.tgz#cb5bdc74ff3f51892236eaf79d68bc44564ab81c"

postcss@8.4.5:
  version "8.4.5"
  resolved "https://registry.yarnpkg.com/postcss/-/postcss-8.4.5.tgz#bae665764dfd4c6fcc24dc0fdf7e7aa00cc77f95"
  dependencies:
    nanoid "^3.1.30"
    picocolors "^1.0.0"
    source-map-js "^1.0.1"

prop-types@^15.6.2:
  version "15.7.2"
  resolved "https://registry.npmjs.org/prop-types/-/prop-types-15.7.2.tgz"
  dependencies:
    loose-envify "^1.4.0"
    object-assign "^4.1.1"
    react-is "^16.8.1"

query-string@^6.12.1:
  version "6.13.8"
  resolved "https://registry.npmjs.org/query-string/-/query-string-6.13.8.tgz"
  dependencies:
    decode-uri-component "^0.2.0"
    split-on-first "^1.0.0"
    strict-uri-encode "^2.0.0"

react-dom@^16.13.1:
  version "16.14.0"
  resolved "https://registry.npmjs.org/react-dom/-/react-dom-16.14.0.tgz"
  dependencies:
    loose-envify "^1.1.0"
    object-assign "^4.1.1"
    prop-types "^15.6.2"
    scheduler "^0.19.1"

react-is@^16.8.1:
  version "16.13.1"
  resolved "https://registry.npmjs.org/react-is/-/react-is-16.13.1.tgz"

react@^16.13.1:
  version "16.14.0"
  resolved "https://registry.npmjs.org/react/-/react-16.14.0.tgz"
  dependencies:
    loose-envify "^1.1.0"
    object-assign "^4.1.1"
    prop-types "^15.6.2"

scheduler@^0.19.1:
  version "0.19.1"
  resolved "https://registry.npmjs.org/scheduler/-/scheduler-0.19.1.tgz"
  dependencies:
    loose-envify "^1.1.0"
    object-assign "^4.1.1"

source-map-js@^1.0.1:
  version "1.0.2"
  resolved "https://registry.yarnpkg.com/source-map-js/-/source-map-js-1.0.2.tgz#adbc361d9c62df380125e7f161f71c826f1e490c"

split-on-first@^1.0.0:
  version "1.1.0"
  resolved "https://registry.npmjs.org/split-on-first/-/split-on-first-1.1.0.tgz"

strict-uri-encode@^2.0.0:
  version "2.0.0"
  resolved "https://registry.npmjs.org/strict-uri-encode/-/strict-uri-encode-2.0.0.tgz"

styled-jsx@5.0.1:
  version "5.0.1"
  resolved "https://registry.yarnpkg.com/styled-jsx/-/styled-jsx-5.0.1.tgz#78fecbbad2bf95ce6cd981a08918ce4696f5fc80"

swr@0.2.3:
  version "0.2.3"
  resolved "https://registry.npmjs.org/swr/-/swr-0.2.3.tgz"
  dependencies:
    fast-deep-equal "2.0.1"

type@^1.0.1:
  version "1.2.0"
  resolved "https://registry.npmjs.org/type/-/type-1.2.0.tgz"

type@^2.0.0:
  version "2.1.0"
  resolved "https://registry.npmjs.org/type/-/type-2.1.0.tgz"

typedarray-to-buffer@^3.1.5:
  version "3.1.5"
  resolved "https://registry.npmjs.org/typedarray-to-buffer/-/typedarray-to-buffer-3.1.5.tgz"
  dependencies:
    is-typedarray "^1.0.0"

utf-8-validate@^5.0.2:
  version "5.0.4"
  resolved "https://registry.npmjs.org/utf-8-validate/-/utf-8-validate-5.0.4.tgz"
  dependencies:
    node-gyp-build "^4.2.0"

websocket@^1.0.31:
  version "1.0.33"
  resolved "https://registry.npmjs.org/websocket/-/websocket-1.0.33.tgz"
  dependencies:
    bufferutil "^4.0.1"
    debug "^2.2.0"
    es5-ext "^0.10.50"
    typedarray-to-buffer "^3.1.5"
    utf-8-validate "^5.0.2"
    yaeti "^0.0.6"

yaeti@^0.0.6:
  version "0.0.6"
  resolved "https://registry.npmjs.org/yaeti/-/yaeti-0.0.6.tgz"
